
Microsoft Visual Studio Solution File, Format Version 12.00
# Visual Studio Version 16
VisualStudioVersion = 16.0.30002.166
MinimumVisualStudioVersion = 10.0.40219.1
Project("{FAE04EC0-301F-11D3-BF4B-00C04F79EFBC}") = "ConsoleApp4.1.2", "ConsoleApp4.1.2\ConsoleApp4.1.2.csproj", "{51F09052-CEF4-4C14-9AB4-0C7BD69ABE9D}"
EndProject
Global
	GlobalSection(SolutionConfigurationPlatforms) = preSolution
		Debug|Any CPU = Debug|Any CPU
		Release|Any CPU = Release|Any CPU
	EndGlobalSection
	GlobalSection(ProjectConfigurationPlatforms) = postSolution
		{51F09052-CEF4-4C14-9AB4-0C7BD69ABE9D}.Debug|Any CPU.ActiveCfg = Debug|Any CPU
		{51F09052-CEF4-4C14-9AB4-0C7BD69ABE9D}.Debug|Any CPU.Build.0 = Debug|Any CPU
		{51F09052-CEF4-4C14-9AB4-0C7BD69ABE9D}.Release|Any CPU.ActiveCfg = Release|Any CPU
		{51F09052-CEF4-4C14-9AB4-0C7BD69ABE9D}.Release|Any CPU.Build.0 = Release|Any CPU
	EndGlobalSection
	GlobalSection(SolutionProperties) = preSolution
		HideSolutionNode = FALSE
	EndGlobalSection
	GlobalSection(ExtensibilityGlobals) = postSolution
		SolutionGuid = {BC229F66-D7AC-47AA-B05A-020AAEB45472}
	EndGlobalSection
EndGlobal
